
Microsoft Visual Studio Solution File, Format Version 12.00
# Visual Studio Version 17
VisualStudioVersion = 17.5.002.0
MinimumVisualStudioVersion = 10.0.40219.1
Project("{9A19103F-16F7-4668-BE54-9A1E7A4F7556}") = "passarin", "passarin\passarin.csproj", "{BE42CD9C-4389-42A5-AB52-36BD9D2F0FE5}"
EndProject
Global
	GlobalSection(SolutionConfigurationPlatforms) = preSolution
		Debug|Any CPU = Debug|Any CPU
		Release|Any CPU = Release|Any CPU
	EndGlobalSection
	GlobalSection(ProjectConfigurationPlatforms) = postSolution
		{BE42CD9C-4389-42A5-AB52-36BD9D2F0FE5}.Debug|Any CPU.ActiveCfg = Debug|Any CPU
		{BE42CD9C-4389-42A5-AB52-36BD9D2F0FE5}.Debug|Any CPU.Build.0 = Debug|Any CPU
		{BE42CD9C-4389-42A5-AB52-36BD9D2F0FE5}.Release|Any CPU.ActiveCfg = Release|Any CPU
		{BE42CD9C-4389-42A5-AB52-36BD9D2F0FE5}.Release|Any CPU.Build.0 = Release|Any CPU
	EndGlobalSection
	GlobalSection(SolutionProperties) = preSolution
		HideSolutionNode = FALSE
	EndGlobalSection
	GlobalSection(ExtensibilityGlobals) = postSolution
		SolutionGuid = {375A4B8C-17C0-40CE-AFE0-6A925EB82C06}
	EndGlobalSection
EndGlobal
